
Microsoft Visual Studio Solution File, Format Version 12.00
# Visual Studio Version 16
VisualStudioVersion = 16.0.30717.126
MinimumVisualStudioVersion = 10.0.40219.1
Project("{9A19103F-16F7-4668-BE54-9A1E7A4F7556}") = "TrelloClone.WebUI", "TrelloClone.WebUI.csproj", "{398963D9-92E5-4AE8-842D-DD2980E5D24C}"
EndProject
Project("{9A19103F-16F7-4668-BE54-9A1E7A4F7556}") = "TrelloClone.Core", "..\TrelloClone.Core\TrelloClone.Core.csproj", "{0529A0F4-DA55-4BC5-A108-4588726CDBE7}"
EndProject
Project("{9A19103F-16F7-4668-BE54-9A1E7A4F7556}") = "TrelloClone.Infrastructure", "..\TrelloClone.Infrastructure\TrelloClone.Infrastructure.csproj", "{E609675E-486D-41BC-A01B-11E0580DF3CC}"
EndProject
Global
	GlobalSection(SolutionConfigurationPlatforms) = preSolution
		Debug|Any CPU = Debug|Any CPU
		Release|Any CPU = Release|Any CPU
	EndGlobalSection
	GlobalSection(ProjectConfigurationPlatforms) = postSolution
		{398963D9-92E5-4AE8-842D-DD2980E5D24C}.Debug|Any CPU.ActiveCfg = Debug|Any CPU
		{398963D9-92E5-4AE8-842D-DD2980E5D24C}.Debug|Any CPU.Build.0 = Debug|Any CPU
		{398963D9-92E5-4AE8-842D-DD2980E5D24C}.Release|Any CPU.ActiveCfg = Release|Any CPU
		{398963D9-92E5-4AE8-842D-DD2980E5D24C}.Release|Any CPU.Build.0 = Release|Any CPU
		{0529A0F4-DA55-4BC5-A108-4588726CDBE7}.Debug|Any CPU.ActiveCfg = Debug|Any CPU
		{0529A0F4-DA55-4BC5-A108-4588726CDBE7}.Debug|Any CPU.Build.0 = Debug|Any CPU
		{0529A0F4-DA55-4BC5-A108-4588726CDBE7}.Release|Any CPU.ActiveCfg = Release|Any CPU
		{0529A0F4-DA55-4BC5-A108-4588726CDBE7}.Release|Any CPU.Build.0 = Release|Any CPU
		{E609675E-486D-41BC-A01B-11E0580DF3CC}.Debug|Any CPU.ActiveCfg = Debug|Any CPU
		{E609675E-486D-41BC-A01B-11E0580DF3CC}.Debug|Any CPU.Build.0 = Debug|Any CPU
		{E609675E-486D-41BC-A01B-11E0580DF3CC}.Release|Any CPU.ActiveCfg = Release|Any CPU
		{E609675E-486D-41BC-A01B-11E0580DF3CC}.Release|Any CPU.Build.0 = Release|Any CPU
	EndGlobalSection
	GlobalSection(SolutionProperties) = preSolution
		HideSolutionNode = FALSE
	EndGlobalSection
	GlobalSection(ExtensibilityGlobals) = postSolution
		SolutionGuid = {4171EF3C-0DAB-4A25-BD0D-794A8A00A1C9}
	EndGlobalSection
EndGlobal
